Microsoft Visual Studio Solution File, Format Version 12.00
# Visual Studio Version 17
VisualStudioVersion = 17.0.31903.59
MinimumVisualStudioVersion = 10.0.40219.1
Project("{FAE04EC0-301F-11D3-BF4B-00C04F79EFBC}") = "MiraiSpace.Core", "src\Core\MiraiSpace.Core\MiraiSpace.Core.csproj", "{41CF15FC-A4CB-5A48-86E6-5C89C11B14A2}"
EndProject
Project("{FAE04EC0-301F-11D3-BF4B-00C04F79EFBC}") = "MiraiSpace.Application", "src\Application\MiraiSpace.Application\MiraiSpace.Application.csproj", "{821144C8-2483-51D4-A813-0F83B0D40267}"
EndProject
Project("{FAE04EC0-301F-11D3-BF4B-00C04F79EFBC}") = "MiraiSpace.Infrastructure.Api", "src\Infrastructure\MiraiSpace.Infrastructure.Api\MiraiSpace.Infrastructure.Api.csproj", "{42537B06-1084-58C5-A823-BBBB9C027B97}"
EndProject
Project("{FAE04EC0-301F-11D3-BF4B-00C04F79EFBC}") = "MiraiSpace.Infrastructure.Realtime", "src\Infrastructure\MiraiSpace.Infrastructure.Realtime\MiraiSpace.Infrastructure.Realtime.csproj", "{1B72CB96-F95C-5F8C-9253-770EE2C51F83}"
EndProject
Project("{FAE04EC0-301F-11D3-BF4B-00C04F79EFBC}") = "MiraiSpace.Infrastructure.Storage", "src\Infrastructure\MiraiSpace.Infrastructure.Storage\MiraiSpace.Infrastructure.Storage.csproj", "{0B2C1B13-1845-53FC-A0AA-ECD913AB149A}"
EndProject
Project("{FAE04EC0-301F-11D3-BF4B-00C04F79EFBC}") = "MiraiSpace.Platform.Avalonia", "src\Platform\MiraiSpace.Platform.Avalonia\MiraiSpace.Platform.Avalonia.csproj", "{7FC44555-AA0B-5251-A076-4CAE54D7A872}"
EndProject
Project("{FAE04EC0-301F-11D3-BF4B-00C04F79EFBC}") = "MiraiSpace.Platform.Desktop", "src\Platform\MiraiSpace.Platform.Desktop\MiraiSpace.Platform.Desktop.csproj", "{A315BD7D-9137-5C99-B903-BB05A91E3C9A}"
EndProject
Project("{FAE04EC0-301F-11D3-BF4B-00C04F79EFBC}") = "MiraiSpace.Platform.Browser", "src\Platform\MiraiSpace.Platform.Browser\MiraiSpace.Platform.Browser.csproj", "{33BE1AC4-78AA-5A69-A590-B5A2D4DA077A}"
EndProject
Project("{FAE04EC0-301F-11D3-BF4B-00C04F79EFBC}") = "MiraiSpace.Platform.Windows", "src\Platform\MiraiSpace.Platform.Windows\MiraiSpace.Platform.Windows.csproj", "{52F1BD86-9A88-53B2-857B-98037C4B1CFE}"
EndProject
Project("{FAE04EC0-301F-11D3-BF4B-00C04F79EFBC}") = "MiraiSpace.Platform.Linux", "src\Platform\MiraiSpace.Platform.Linux\MiraiSpace.Platform.Linux.csproj", "{2713A4E9-E492-5FD4-BD08-C6D9140D48B8}"
EndProject
Project("{FAE04EC0-301F-11D3-BF4B-00C04F79EFBC}") = "MiraiSpace.Platform.MacOS", "src\Platform\MiraiSpace.Platform.MacOS\MiraiSpace.Platform.MacOS.csproj", "{D1C1198B-0A54-5190-9C56-4497E6A85E6F}"
EndProject
Project("{FAE04EC0-301F-11D3-BF4B-00C04F79EFBC}") = "MiraiSpace.Presentation", "src\Presentation\MiraiSpace.Presentation\MiraiSpace.Presentation.csproj", "{7F55243D-5636-5142-A5AE-4ED4655E936F}"
EndProject
Project("{FAE04EC0-301F-11D3-BF4B-00C04F79EFBC}") = "MiraiSpace.UI", "src\GUI\MiraiSpace.UI\MiraiSpace.UI.csproj", "{F8C80077-2AB6-522F-9022-7E303A8394A1}"
EndProject
Project("{FAE04EC0-301F-11D3-BF4B-00C04F79EFBC}") = "MiraiSpace.UI.Controls", "src\GUI\MiraiSpace.UI.Controls\MiraiSpace.UI.Controls.csproj", "{E04636FA-3507-5F03-9BB2-C4A81A3BC374}"
EndProject
Project("{FAE04EC0-301F-11D3-BF4B-00C04F79EFBC}") = "MiraiSpace.UI.Themes", "src\GUI\MiraiSpace.UI.Themes\MiraiSpace.UI.Themes.csproj", "{980112C7-6F76-5395-B2ED-98F6EF3A8035}"
EndProject
Project("{FAE04EC0-301F-11D3-BF4B-00C04F79EFBC}") = "MiraiSpace.UI.Icons", "src\GUI\MiraiSpace.UI.Icons\MiraiSpace.UI.Icons.csproj", "{E3D0265E-6732-5838-A999-DEBE6A805954}"
EndProject
Project("{FAE04EC0-301F-11D3-BF4B-00C04F79EFBC}") = "MiraiSpace.Extensibility.Abstractions", "src\Extensibility\MiraiSpace.Extensibility.Abstractions\MiraiSpace.Extensibility.Abstractions.csproj", "{8835953C-F200-5D96-ADAC-4447D945371B}"
EndProject
Project("{FAE04EC0-301F-11D3-BF4B-00C04F79EFBC}") = "MiraiSpace.Desktop", "src\Hosts\MiraiSpace.Desktop\MiraiSpace.Desktop.csproj", "{59CC55BC-1B9D-553A-B2C1-83BC09AE4EF9}"
EndProject
Project("{FAE04EC0-301F-11D3-BF4B-00C04F79EFBC}") = "MiraiSpace.Browser", "src\Hosts\MiraiSpace.Browser\MiraiSpace.Browser.csproj", "{142E9F21-BB34-5631-B65A-726547CAF59B}"
EndProject
Project("{66A26720-8FB5-11D2-AA7E-00C04F688DDE}") = "Core", "Core", "{69BA0416-8745-5367-B2EC-093CD1B53F63}"
EndProject
Project("{66A26720-8FB5-11D2-AA7E-00C04F688DDE}") = "Application", "Application", "{718D07C6-126D-575E-89BB-B073F1586E46}"
EndProject
Project("{66A26720-8FB5-11D2-AA7E-00C04F688DDE}") = "Infrastructure", "Infrastructure", "{FC6DFCE1-8CB5-5051-BF85-0701911F4EC2}"
EndProject
Project("{66A26720-8FB5-11D2-AA7E-00C04F688DDE}") = "Platform", "Platform", "{CF248BEC-4E8E-5890-8996-E2C09118BAAD}"
EndProject
Project("{66A26720-8FB5-11D2-AA7E-00C04F688DDE}") = "Presentation", "Presentation", "{A12A6C25-BAB3-5CFA-B0E0-299A62B4AC5C}"
EndProject
Project("{66A26720-8FB5-11D2-AA7E-00C04F688DDE}") = "GUI", "GUI", "{A5049C45-20B0-5801-A0F3-7B5D38952692}"
EndProject
Project("{66A26720-8FB5-11D2-AA7E-00C04F688DDE}") = "Extensibility", "Extensibility", "{5026FF1C-1D6F-55DB-A7E8-0053FB1D54D8}"
EndProject
Project("{66A26720-8FB5-11D2-AA7E-00C04F688DDE}") = "Hosts", "Hosts", "{033AB396-044A-5E42-9321-B146E1879432}"
EndProject
Global
	GlobalSection(SolutionConfigurationPlatforms) = preSolution
		Debug|Any CPU = Debug|Any CPU
		Release|Any CPU = Release|Any CPU
	EndGlobalSection
	GlobalSection(ProjectConfigurationPlatforms) = postSolution
		{41CF15FC-A4CB-5A48-86E6-5C89C11B14A2}.Debug|Any CPU.ActiveCfg = Debug|Any CPU
		{41CF15FC-A4CB-5A48-86E6-5C89C11B14A2}.Debug|Any CPU.Build.0 = Debug|Any CPU
		{41CF15FC-A4CB-5A48-86E6-5C89C11B14A2}.Release|Any CPU.ActiveCfg = Release|Any CPU
		{41CF15FC-A4CB-5A48-86E6-5C89C11B14A2}.Release|Any CPU.Build.0 = Release|Any CPU
		{821144C8-2483-51D4-A813-0F83B0D40267}.Debug|Any CPU.ActiveCfg = Debug|Any CPU
		{821144C8-2483-51D4-A813-0F83B0D40267}.Debug|Any CPU.Build.0 = Debug|Any CPU
		{821144C8-2483-51D4-A813-0F83B0D40267}.Release|Any CPU.ActiveCfg = Release|Any CPU
		{821144C8-2483-51D4-A813-0F83B0D40267}.Release|Any CPU.Build.0 = Release|Any CPU
		{42537B06-1084-58C5-A823-BBBB9C027B97}.Debug|Any CPU.ActiveCfg = Debug|Any CPU
		{42537B06-1084-58C5-A823-BBBB9C027B97}.Debug|Any CPU.Build.0 = Debug|Any CPU
		{42537B06-1084-58C5-A823-BBBB9C027B97}.Release|Any CPU.ActiveCfg = Release|Any CPU
		{42537B06-1084-58C5-A823-BBBB9C027B97}.Release|Any CPU.Build.0 = Release|Any CPU
		{1B72CB96-F95C-5F8C-9253-770EE2C51F83}.Debug|Any CPU.ActiveCfg = Debug|Any CPU
		{1B72CB96-F95C-5F8C-9253-770EE2C51F83}.Debug|Any CPU.Build.0 = Debug|Any CPU
		{1B72CB96-F95C-5F8C-9253-770EE2C51F83}.Release|Any CPU.ActiveCfg = Release|Any CPU
		{1B72CB96-F95C-5F8C-9253-770EE2C51F83}.Release|Any CPU.Build.0 = Release|Any CPU
		{0B2C1B13-1845-53FC-A0AA-ECD913AB149A}.Debug|Any CPU.ActiveCfg = Debug|Any CPU
		{0B2C1B13-1845-53FC-A0AA-ECD913AB149A}.Debug|Any CPU.Build.0 = Debug|Any CPU
		{0B2C1B13-1845-53FC-A0AA-ECD913AB149A}.Release|Any CPU.ActiveCfg = Release|Any CPU
		{0B2C1B13-1845-53FC-A0AA-ECD913AB149A}.Release|Any CPU.Build.0 = Release|Any CPU
		{7FC44555-AA0B-5251-A076-4CAE54D7A872}.Debug|Any CPU.ActiveCfg = Debug|Any CPU
		{7FC44555-AA0B-5251-A076-4CAE54D7A872}.Debug|Any CPU.Build.0 = Debug|Any CPU
		{7FC44555-AA0B-5251-A076-4CAE54D7A872}.Release|Any CPU.ActiveCfg = Release|Any CPU
		{7FC44555-AA0B-5251-A076-4CAE54D7A872}.Release|Any CPU.Build.0 = Release|Any CPU
		{A315BD7D-9137-5C99-B903-BB05A91E3C9A}.Debug|Any CPU.ActiveCfg = Debug|Any CPU
		{A315BD7D-9137-5C99-B903-BB05A91E3C9A}.Debug|Any CPU.Build.0 = Debug|Any CPU
		{A315BD7D-9137-5C99-B903-BB05A91E3C9A}.Release|Any CPU.ActiveCfg = Release|Any CPU
		{A315BD7D-9137-5C99-B903-BB05A91E3C9A}.Release|Any CPU.Build.0 = Release|Any CPU
		{33BE1AC4-78AA-5A69-A590-B5A2D4DA077A}.Debug|Any CPU.ActiveCfg = Debug|Any CPU
		{33BE1AC4-78AA-5A69-A590-B5A2D4DA077A}.Debug|Any CPU.Build.0 = Debug|Any CPU
		{33BE1AC4-78AA-5A69-A590-B5A2D4DA077A}.Release|Any CPU.ActiveCfg = Release|Any CPU
		{33BE1AC4-78AA-5A69-A590-B5A2D4DA077A}.Release|Any CPU.Build.0 = Release|Any CPU
		{52F1BD86-9A88-53B2-857B-98037C4B1CFE}.Debug|Any CPU.ActiveCfg = Debug|Any CPU
		{52F1BD86-9A88-53B2-857B-98037C4B1CFE}.Debug|Any CPU.Build.0 = Debug|Any CPU
		{52F1BD86-9A88-53B2-857B-98037C4B1CFE}.Release|Any CPU.ActiveCfg = Release|Any CPU
		{52F1BD86-9A88-53B2-857B-98037C4B1CFE}.Release|Any CPU.Build.0 = Release|Any CPU
		{2713A4E9-E492-5FD4-BD08-C6D9140D48B8}.Debug|Any CPU.ActiveCfg = Debug|Any CPU
		{2713A4E9-E492-5FD4-BD08-C6D9140D48B8}.Debug|Any CPU.Build.0 = Debug|Any CPU
		{2713A4E9-E492-5FD4-BD08-C6D9140D48B8}.Release|Any CPU.ActiveCfg = Release|Any CPU
		{2713A4E9-E492-5FD4-BD08-C6D9140D48B8}.Release|Any CPU.Build.0 = Release|Any CPU
		{D1C1198B-0A54-5190-9C56-4497E6A85E6F}.Debug|Any CPU.ActiveCfg = Debug|Any CPU
		{D1C1198B-0A54-5190-9C56-4497E6A85E6F}.Debug|Any CPU.Build.0 = Debug|Any CPU
		{D1C1198B-0A54-5190-9C56-4497E6A85E6F}.Release|Any CPU.ActiveCfg = Release|Any CPU
		{D1C1198B-0A54-5190-9C56-4497E6A85E6F}.Release|Any CPU.Build.0 = Release|Any CPU
		{7F55243D-5636-5142-A5AE-4ED4655E936F}.Debug|Any CPU.ActiveCfg = Debug|Any CPU
		{7F55243D-5636-5142-A5AE-4ED4655E936F}.Debug|Any CPU.Build.0 = Debug|Any CPU
		{7F55243D-5636-5142-A5AE-4ED4655E936F}.Release|Any CPU.ActiveCfg = Release|Any CPU
		{7F55243D-5636-5142-A5AE-4ED4655E936F}.Release|Any CPU.Build.0 = Release|Any CPU
		{F8C80077-2AB6-522F-9022-7E303A8394A1}.Debug|Any CPU.ActiveCfg = Debug|Any CPU
		{F8C80077-2AB6-522F-9022-7E303A8394A1}.Debug|Any CPU.Build.0 = Debug|Any CPU
		{F8C80077-2AB6-522F-9022-7E303A8394A1}.Release|Any CPU.ActiveCfg = Release|Any CPU
		{F8C80077-2AB6-522F-9022-7E303A8394A1}.Release|Any CPU.Build.0 = Release|Any CPU
		{E04636FA-3507-5F03-9BB2-C4A81A3BC374}.Debug|Any CPU.ActiveCfg = Debug|Any CPU
		{E04636FA-3507-5F03-9BB2-C4A81A3BC374}.Debug|Any CPU.Build.0 = Debug|Any CPU
		{E04636FA-3507-5F03-9BB2-C4A81A3BC374}.Release|Any CPU.ActiveCfg = Release|Any CPU
		{E04636FA-3507-5F03-9BB2-C4A81A3BC374}.Release|Any CPU.Build.0 = Release|Any CPU
		{980112C7-6F76-5395-B2ED-98F6EF3A8035}.Debug|Any CPU.ActiveCfg = Debug|Any CPU
		{980112C7-6F76-5395-B2ED-98F6EF3A8035}.Debug|Any CPU.Build.0 = Debug|Any CPU
		{980112C7-6F76-5395-B2ED-98F6EF3A8035}.Release|Any CPU.ActiveCfg = Release|Any CPU
		{980112C7-6F76-5395-B2ED-98F6EF3A8035}.Release|Any CPU.Build.0 = Release|Any CPU
		{E3D0265E-6732-5838-A999-DEBE6A805954}.Debug|Any CPU.ActiveCfg = Debug|Any CPU
		{E3D0265E-6732-5838-A999-DEBE6A805954}.Debug|Any CPU.Build.0 = Debug|Any CPU
		{E3D0265E-6732-5838-A999-DEBE6A805954}.Release|Any CPU.ActiveCfg = Release|Any CPU
		{E3D0265E-6732-5838-A999-DEBE6A805954}.Release|Any CPU.Build.0 = Release|Any CPU
		{8835953C-F200-5D96-ADAC-4447D945371B}.Debug|Any CPU.ActiveCfg = Debug|Any CPU
		{8835953C-F200-5D96-ADAC-4447D945371B}.Debug|Any CPU.Build.0 = Debug|Any CPU
		{8835953C-F200-5D96-ADAC-4447D945371B}.Release|Any CPU.ActiveCfg = Release|Any CPU
		{8835953C-F200-5D96-ADAC-4447D945371B}.Release|Any CPU.Build.0 = Release|Any CPU
		{59CC55BC-1B9D-553A-B2C1-83BC09AE4EF9}.Debug|Any CPU.ActiveCfg = Debug|Any CPU
		{59CC55BC-1B9D-553A-B2C1-83BC09AE4EF9}.Debug|Any CPU.Build.0 = Debug|Any CPU
		{59CC55BC-1B9D-553A-B2C1-83BC09AE4EF9}.Release|Any CPU.ActiveCfg = Release|Any CPU
		{59CC55BC-1B9D-553A-B2C1-83BC09AE4EF9}.Release|Any CPU.Build.0 = Release|Any CPU
		{142E9F21-BB34-5631-B65A-726547CAF59B}.Debug|Any CPU.ActiveCfg = Debug|Any CPU
		{142E9F21-BB34-5631-B65A-726547CAF59B}.Debug|Any CPU.Build.0 = Debug|Any CPU
		{142E9F21-BB34-5631-B65A-726547CAF59B}.Release|Any CPU.ActiveCfg = Release|Any CPU
		{142E9F21-BB34-5631-B65A-726547CAF59B}.Release|Any CPU.Build.0 = Release|Any CPU
	EndGlobalSection
	GlobalSection(NestedProjects) = preSolution
		{41CF15FC-A4CB-5A48-86E6-5C89C11B14A2} = {69BA0416-8745-5367-B2EC-093CD1B53F63}
		{821144C8-2483-51D4-A813-0F83B0D40267} = {718D07C6-126D-575E-89BB-B073F1586E46}
		{42537B06-1084-58C5-A823-BBBB9C027B97} = {FC6DFCE1-8CB5-5051-BF85-0701911F4EC2}
		{1B72CB96-F95C-5F8C-9253-770EE2C51F83} = {FC6DFCE1-8CB5-5051-BF85-0701911F4EC2}
		{0B2C1B13-1845-53FC-A0AA-ECD913AB149A} = {FC6DFCE1-8CB5-5051-BF85-0701911F4EC2}
		{7FC44555-AA0B-5251-A076-4CAE54D7A872} = {CF248BEC-4E8E-5890-8996-E2C09118BAAD}
		{A315BD7D-9137-5C99-B903-BB05A91E3C9A} = {CF248BEC-4E8E-5890-8996-E2C09118BAAD}
		{33BE1AC4-78AA-5A69-A590-B5A2D4DA077A} = {CF248BEC-4E8E-5890-8996-E2C09118BAAD}
		{52F1BD86-9A88-53B2-857B-98037C4B1CFE} = {CF248BEC-4E8E-5890-8996-E2C09118BAAD}
		{2713A4E9-E492-5FD4-BD08-C6D9140D48B8} = {CF248BEC-4E8E-5890-8996-E2C09118BAAD}
		{D1C1198B-0A54-5190-9C56-4497E6A85E6F} = {CF248BEC-4E8E-5890-8996-E2C09118BAAD}
		{7F55243D-5636-5142-A5AE-4ED4655E936F} = {A12A6C25-BAB3-5CFA-B0E0-299A62B4AC5C}
		{F8C80077-2AB6-522F-9022-7E303A8394A1} = {A5049C45-20B0-5801-A0F3-7B5D38952692}
		{E04636FA-3507-5F03-9BB2-C4A81A3BC374} = {A5049C45-20B0-5801-A0F3-7B5D38952692}
		{980112C7-6F76-5395-B2ED-98F6EF3A8035} = {A5049C45-20B0-5801-A0F3-7B5D38952692}
		{E3D0265E-6732-5838-A999-DEBE6A805954} = {A5049C45-20B0-5801-A0F3-7B5D38952692}
		{8835953C-F200-5D96-ADAC-4447D945371B} = {5026FF1C-1D6F-55DB-A7E8-0053FB1D54D8}
		{59CC55BC-1B9D-553A-B2C1-83BC09AE4EF9} = {033AB396-044A-5E42-9321-B146E1879432}
		{142E9F21-BB34-5631-B65A-726547CAF59B} = {033AB396-044A-5E42-9321-B146E1879432}
	EndGlobalSection
EndGlobal
