<Solution>
  <Folder Name="/src/">
    <File Path="src/Directory.Build.props" />
    <File Path="src/Directory.Packages.props" />
  </Folder>
  <Folder Name="/src/Application/">
    <Project Path="src/Application/MiraiSpace.Application/MiraiSpace.Application.csproj" />
  </Folder>
  <Folder Name="/src/Core/">
    <Project Path="src/Core/MiraiSpace.Core/MiraiSpace.Core.csproj" />
  </Folder>
  <Folder Name="/src/Extensibility/">
    <Project Path="src/Extensibility/MiraiSpace.Extensibility.Abstractions/MiraiSpace.Extensibility.Abstractions.csproj" />
  </Folder>
  <Folder Name="/src/GUI/">
    <Project Path="src/GUI/MiraiSpace.UI.Controls/MiraiSpace.UI.Controls.csproj" />
    <Project Path="src/GUI/MiraiSpace.UI.Icons/MiraiSpace.UI.Icons.csproj" />
    <Project Path="src/GUI/MiraiSpace.UI.Themes/MiraiSpace.UI.Themes.csproj" />
    <Project Path="src/GUI/MiraiSpace.UI/MiraiSpace.UI.csproj" />
  </Folder>
  <Folder Name="/src/Hosts/">
    <Project Path="src/Hosts/MiraiSpace.Desktop/MiraiSpace.Desktop.csproj" />
  </Folder>
  <Folder Name="/src/Infrastructure/">
    <Project Path="src/Infrastructure/MiraiSpace.Infrastructure.Api/MiraiSpace.Infrastructure.Api.csproj" />
    <Project Path="src/Infrastructure/MiraiSpace.Infrastructure.Realtime/MiraiSpace.Infrastructure.Realtime.csproj" />
    <Project Path="src/Infrastructure/MiraiSpace.Infrastructure.Storage/MiraiSpace.Infrastructure.Storage.csproj" />
  </Folder>
  <Folder Name="/src/Platform/">
    <Project Path="src/Platform/MiraiSpace.Platform.Avalonia/MiraiSpace.Platform.Avalonia.csproj" />
  </Folder>
  <Folder Name="/src/Platform/Desktop/">
    <Project Path="src/Platform/Desktop/MiraiSpace.Platform.Desktop/MiraiSpace.Platform.Desktop.csproj" />
    <Project Path="src/Platform/Desktop/MiraiSpace.Platform.Linux/MiraiSpace.Platform.Linux.csproj" />
    <Project Path="src/Platform/Desktop/MiraiSpace.Platform.MacOS/MiraiSpace.Platform.MacOS.csproj" />
    <Project Path="src/Platform/Desktop/MiraiSpace.Platform.Windows/MiraiSpace.Platform.Windows.csproj" />
  </Folder>
  <Folder Name="/src/Presentation/">
    <Project Path="src/Presentation/MiraiSpace.Presentation/MiraiSpace.Presentation.csproj" />
    <Project Path="src/Presentation/MiraiSpace.Presentation.Tests/MiraiSpace.Presentation.Tests.csproj" />
  </Folder>
</Solution>
